{
  "lockfileVersion": 1,
  "workspaces": {
    "": {
      "name": "pocketpages-starter-minimal",
      "dependencies": {
        "@fadlee/pocketbase-bin": "^1.0.1",
        "dayjs": "^1.11.18",
        "pocketpages": "^0.18.2",
      },
    },
  },
  "packages": {
    "@fadlee/pocketbase-bin": ["@fadlee/pocketbase-bin@1.0.1", "", { "dependencies": { "adm-zip": "^0.5.16" }, "os": [ "linux", "win32", "darwin", ], "cpu": [ "x64", "arm64", ], "bin": { "pocketbase": "bin/runner.js" } }, "sha512-+T47Kbb9FwdV+Ik07g202EJ+JTUbQgtPp3HFzvbIsynRtsveE0KOIrcO/uu15eFhYmr9R0C5oTGfDmznEeaPdQ=="],

    "adm-zip": ["adm-zip@0.5.16", "", {}, "sha512-TGw5yVi4saajsSEgz25grObGHEUaDrniwvA2qwSC060KfqGPdglhvPMA2lPIoxs3PQIItj2iag35fONcQqgUaQ=="],

    "dayjs": ["dayjs@1.11.18", "", {}, "sha512-zFBQ7WFRvVRhKcWoUh+ZA1g2HVgUbsZm9sbddh8EC5iv93sui8DVVz1Npvz+r6meo9VKfa8NyLWBsQK1VvIKPA=="],

    "pocketbase-ejs": ["pocketbase-ejs@3.1.10006", "", { "dependencies": { "pocketbase-node": "^0.0.2" } }, "sha512-OBt+qsE7APD2baer4sTddwC1UfhT1HwIt4I208v5IZ2RXncgd5d0Z/DwAZy5PEJrWscHn2qCob4GLiEiv6lvEQ=="],

    "pocketbase-log": ["pocketbase-log@0.0.2", "", { "dependencies": { "pocketbase-stringify": "^0.0.2" } }, "sha512-d0thSPYopTZzC4I85hlN6hrZaQEX7BzHieovV45zqFfE3kl4rb65xITe3UDZ+/42IfCTEchaPbTUDP2yd1/E8g=="],

    "pocketbase-node": ["pocketbase-node@0.0.3", "", {}, "sha512-ZGrRFRlJqSXDl63913ZoHdtmpXJcaKO1km8STlGDbUJY6A+4xRC84e31gM4frRwSNhW6HsgsqkmzAj+UkZkDLg=="],

    "pocketbase-stringify": ["pocketbase-stringify@0.0.2", "", {}, "sha512-KqN6K1fmRpw62PJ7Ue4zwnTuGaYkZ2XPwY+3yrHrwbmXvutLalbDd8ipOORPZI8myLrN6xkMIWXvqoDjfgBo5A=="],

    "pocketpages": ["pocketpages@0.18.2", "", { "dependencies": { "pocketbase-log": "^0.0.2", "pocketpages-plugin-ejs": ">=0.1.0" } }, "sha512-h4K2aEth7PHeplBnVO0ijAA+2qbwWPLc049crzNviYzSXi+3qW41qXqqmCaex+YbYg5muY9bbiFKWhQMXIlRmA=="],

    "pocketpages-plugin-ejs": ["pocketpages-plugin-ejs@0.1.0", "", { "dependencies": { "pocketbase-ejs": "^3.1.10006", "pocketbase-node": "^0.0.3", "pocketbase-stringify": "^0.0.2" } }, "sha512-IWxUMdyES+PLoBm9SVGwRpoFrEXM4YhqJJeCMSG6clCo8N/eoCIyytAX+QzPJ1Q7CAYymCC2UQoV+oywVZXUpA=="],

    "pocketbase-ejs/pocketbase-node": ["pocketbase-node@0.0.2", "", {}, "sha512-DuTxkJbA+d6XVfm2QVCoJLyJWDJplzeSp+BU2eIA2H7902yAvVTx7bTSnjp1g/Y/QBtRrrGyXStvrMu3tKPXXw=="],
  }
}
